{"SurveyEntry":{"SurveyID":"SV_9ZVeYQQZvUjGmJ8","SurveyName":"Direct elicitation of beta belief distributions","SurveyDescription":null,"SurveyOwnerID":"UR_0IH8paKk2A9jV0W","SurveyBrandID":"maastrichtuniversity","DivisionID":"DV_e2Ic2XiOA9KGenb","SurveyLanguage":"EN","SurveyActiveResponseSet":"RS_8AJIGL3sYbxb4Fg","SurveyStatus":"Active","SurveyStartDate":"0000-00-00 00:00:00","SurveyExpirationDate":"0000-00-00 00:00:00","SurveyCreationDate":"2024-07-18 23:14:39","CreatorID":"UR_0IH8paKk2A9jV0W","LastModified":"2024-11-13 00:48:18","LastAccessed":"0000-00-00 00:00:00","LastActivated":"2024-08-28 05:23:27","Deleted":null},"SurveyElements":[{"SurveyID":"SV_9ZVeYQQZvUjGmJ8","Element":"BL","PrimaryAttribute":"Survey Blocks","SecondaryAttribute":null,"TertiaryAttribute":null,"Payload":{"1":{"Type":"Trash","Description":"Trash \/ Unused Questions","ID":"BL_6VAvSfEgeKIuBds","BlockElements":[],"Options":{"BlockLocking":"false","RandomizeQuestions":"false","BlockVisibility":"Expanded"}},"8":{"Type":"Standard","SubType":"","Description":"Max & Min & Point Beliefs about Inflation","ID":"BL_a4Vh6dWVXscCM5w","BlockElements":[{"Type":"Question","QuestionID":"QID10"},{"Type":"Question","QuestionID":"QID11"}],"Options":{"BlockLocking":"false","RandomizeQuestions":"false","BlockVisibility":"Expanded"}},"17":{"Type":"Standard","SubType":"","Description":"Beta Distribution Slider","ID":"BL_6WOfzvxZNvF8dsW","BlockElements":[{"Type":"Question","QuestionID":"QID66"},{"Type":"Page Break"},{"Type":"Question","QuestionID":"QID68"},{"Type":"Page Break"},{"Type":"Question","QuestionID":"QID77"},{"Type":"Question","QuestionID":"QID79"}],"Options":{"BlockLocking":false,"RandomizeQuestions":"false","BlockVisibility":"Expanded"}}}},{"SurveyID":"SV_9ZVeYQQZvUjGmJ8","Element":"FL","PrimaryAttribute":"Survey Flow","SecondaryAttribute":null,"TertiaryAttribute":null,"Payload":{"Type":"Root","FlowID":"FL_1","Flow":[{"Type":"EmbeddedData","FlowID":"FL_10","EmbeddedData":[{"Description":"min","Type":"Custom","Field":"min","VariableType":"String","DataVisibility":[],"AnalyzeText":false,"Value":"${q:\/\/QID10\/ChoiceTextEntryValue}"},{"Description":"max","Type":"Custom","Field":"max","VariableType":"String","DataVisibility":[],"AnalyzeText":false,"Value":"${q:\/\/QID11\/ChoiceTextEntryValue}"},{"Description":"Direct_mean","Type":"Recipient","Field":"Direct_mean","VariableType":"Scale","DataVisibility":[]},{"Description":"Direct_variance","Type":"Recipient","Field":"Direct_variance","VariableType":"Scale","DataVisibility":[]},{"Description":"Direct_median","Type":"Recipient","Field":"Direct_median","VariableType":"String","DataVisibility":[],"AnalyzeText":false},{"Description":"Direct_deflation","Type":"Recipient","Field":"Direct_deflation","VariableType":"String","DataVisibility":[],"AnalyzeText":false},{"Description":"Direct_5","Type":"Recipient","Field":"Direct_5","VariableType":"String","DataVisibility":[],"AnalyzeText":false},{"Description":"Abin_1","Type":"Recipient","Field":"Abin_1","VariableType":"String","DataVisibility":[],"AnalyzeText":false},{"Description":"Abin_2","Type":"Recipient","Field":"Abin_2","VariableType":"String","DataVisibility":[],"AnalyzeText":false},{"Description":"Abin_3","Type":"Recipient","Field":"Abin_3","VariableType":"String","DataVisibility":[],"AnalyzeText":false},{"Description":"Abin_4","Type":"Recipient","Field":"Abin_4","VariableType":"String","DataVisibility":[],"AnalyzeText":false},{"Description":"Abin_5","Type":"Recipient","Field":"Abin_5","VariableType":"String","DataVisibility":[],"AnalyzeText":false},{"Description":"Abin_6","Type":"Recipient","Field":"Abin_6","VariableType":"String","DataVisibility":[],"AnalyzeText":false},{"Description":"Abin_7","Type":"Recipient","Field":"Abin_7","VariableType":"String","DataVisibility":[],"AnalyzeText":false},{"Description":"Abin_8","Type":"Recipient","Field":"Abin_8","VariableType":"String","DataVisibility":[],"AnalyzeText":false},{"Description":"Abin_9","Type":"Recipient","Field":"Abin_9","VariableType":"String","DataVisibility":[],"AnalyzeText":false},{"Description":"Abin_10","Type":"Recipient","Field":"Abin_10","VariableType":"String","DataVisibility":[],"AnalyzeText":false},{"Description":"bins_mean","Type":"Recipient","Field":"bins_mean","VariableType":"String","DataVisibility":[],"AnalyzeText":false},{"Description":"bins_variance","Type":"Recipient","Field":"bins_variance","VariableType":"String","DataVisibility":[],"AnalyzeText":false},{"Description":"bins_median","Type":"Recipient","Field":"bins_median","VariableType":"String","DataVisibility":[],"AnalyzeText":false},{"Description":"bins_alpha","Type":"Recipient","Field":"bins_alpha","VariableType":"String","DataVisibility":[],"AnalyzeText":false},{"Description":"bins_beta","Type":"Recipient","Field":"bins_beta","VariableType":"String","DataVisibility":[],"AnalyzeText":false},{"Description":"bins_5","Type":"Recipient","Field":"bins_5","VariableType":"String","DataVisibility":[],"AnalyzeText":false},{"Description":"bins_deflation","Type":"Recipient","Field":"bins_deflation","VariableType":"String","DataVisibility":[],"AnalyzeText":false},{"Description":"original_bins","Type":"Custom","Field":"original_bins","VariableType":"String","DataVisibility":[],"AnalyzeText":false,"Value":"0"},{"Description":"Browser_Type","Type":"Recipient","Field":"Browser_Type","VariableType":"String","DataVisibility":[],"AnalyzeText":false},{"Description":"point_inflation","Type":"Custom","Field":"point_inflation","VariableType":"String","DataVisibility":[],"AnalyzeText":false,"Value":"${q:\/\/QID38\/ChoiceTextEntryValue}"},{"Description":"NewMin","Type":"Recipient","Field":"NewMin","VariableType":"String","DataVisibility":[],"AnalyzeText":false},{"Description":"NewMax","Type":"Recipient","Field":"NewMax","VariableType":"String","DataVisibility":[],"AnalyzeText":false},{"Description":"bins_alpha_unimodal","Type":"Recipient","Field":"bins_alpha_unimodal","VariableType":"String","DataVisibility":[],"AnalyzeText":false},{"Description":"bins_beta_unimodal","Type":"Recipient","Field":"bins_beta_unimodal","VariableType":"String","DataVisibility":[],"AnalyzeText":false},{"Description":"bins_mean_unimodal","Type":"Recipient","Field":"bins_mean_unimodal","VariableType":"String","DataVisibility":[],"AnalyzeText":false},{"Description":"bins_variance_unimodal","Type":"Recipient","Field":"bins_variance_unimodal","VariableType":"String","DataVisibility":[],"AnalyzeText":false},{"Description":"bins_median_unimodal","Type":"Recipient","Field":"bins_median_unimodal","VariableType":"String","DataVisibility":[],"AnalyzeText":false},{"Description":"count_bins","Type":"Recipient","Field":"count_bins","VariableType":"String","DataVisibility":[],"AnalyzeText":false},{"Description":"bins_deflation_unimodal","Type":"Recipient","Field":"bins_deflation_unimodal","VariableType":"String","DataVisibility":[],"AnalyzeText":false},{"Description":"bins_deflation_5","Type":"Recipient","Field":"bins_deflation_5","VariableType":"String","DataVisibility":[],"AnalyzeText":false}]},{"Type":"Standard","ID":"BL_a4Vh6dWVXscCM5w","FlowID":"FL_9","Autofill":[]},{"Type":"Standard","ID":"BL_6WOfzvxZNvF8dsW","FlowID":"FL_39","Autofill":[]}],"Properties":{"Count":54}}},{"SurveyID":"SV_9ZVeYQQZvUjGmJ8","Element":"PL","PrimaryAttribute":"Preview Link","SecondaryAttribute":null,"TertiaryAttribute":null,"Payload":{"PreviewType":"Brand","PreviewID":"e4cee84d-3cb3-48d8-a197-1efa9207912b"}},{"SurveyID":"SV_9ZVeYQQZvUjGmJ8","Element":"RS","PrimaryAttribute":"RS_8AJIGL3sYbxb4Fg","SecondaryAttribute":null,"TertiaryAttribute":null,"Payload":null},{"SurveyID":"SV_9ZVeYQQZvUjGmJ8","Element":"SO","PrimaryAttribute":"Survey Options","SecondaryAttribute":null,"TertiaryAttribute":null,"Payload":{"BackButton":"false","SaveAndContinue":"true","SurveyProtection":"PublicSurvey","BallotBoxStuffingPrevention":"false","NoIndex":"Yes","SecureResponseFiles":"true","SurveyExpiration":"None","SurveyTermination":"DefaultMessage","Header":"","Footer":"","ProgressBarDisplay":"None","PartialData":"+1 week","ValidationMessage":null,"PreviousButton":" \u2190 ","NextButton":" \u2192 ","SurveyTitle":"Qualtrics Survey | Qualtrics Experience Management","SkinLibrary":"maastrichtuniversity","SkinType":"templated","Skin":{"brandingId":null,"templateId":"*2014","overrides":null},"NewScoring":1,"SurveyMetaDescription":"The most powerful, simple and trusted way to gather experience data. Start your journey to experience management and try a free account today.","EOSMessage":null,"ShowExportTags":"false","CollectGeoLocation":"false","PasswordProtection":"No","AnonymizeResponse":"No","RefererCheck":"No","UseCustomSurveyLinkCompletedMessage":null,"SurveyLinkCompletedMessage":null,"SurveyLinkCompletedMessageLibrary":null,"ResponseSummary":"No","EOSMessageLibrary":null,"EOSRedirectURL":"https:\/\/app.prolific.com\/submissions\/complete?cc=CLX6RTLF","EmailThankYou":"false","ThankYouEmailMessageLibrary":null,"ThankYouEmailMessage":null,"ValidateMessage":"false","ValidationMessageLibrary":null,"InactiveSurvey":"DefaultMessage","PartialDeletion":null,"PartialDataCloseAfter":"LastActivity","InactiveMessageLibrary":null,"InactiveMessage":null,"AvailableLanguages":{"EN":[]},"ProtectSelectionIds":true,"CustomStyles":{"customCSS":".Skin .SkinInner {\n    padding-left: 0;\n    padding-right: 0;\n}\n\n.Skin .QuestionOuter {\n    max-width: 100%; \/* Adjust this value if needed *\/\n    margin: auto;\n}\n\n.Skin .QuestionText {\n    margin-left: 0;\n    margin-right: 0;\n}"},"SurveyName":"Direct elicitation of beta belief distributions"}},{"SurveyID":"SV_9ZVeYQQZvUjGmJ8","Element":"SCO","PrimaryAttribute":"Scoring","SecondaryAttribute":null,"TertiaryAttribute":null,"Payload":{"ScoringCategories":[],"ScoringCategoryGroups":[],"ScoringSummaryCategory":null,"ScoringSummaryAfterQuestions":0,"ScoringSummaryAfterSurvey":0,"DefaultScoringCategory":null,"AutoScoringCategory":null}},{"SurveyID":"SV_9ZVeYQQZvUjGmJ8","Element":"PROJ","PrimaryAttribute":"CORE","SecondaryAttribute":null,"TertiaryAttribute":"1.1.0","Payload":{"ProjectCategory":"CORE","SchemaVersion":"1.1.0"}},{"SurveyID":"SV_9ZVeYQQZvUjGmJ8","Element":"STAT","PrimaryAttribute":"Survey Statistics","SecondaryAttribute":null,"TertiaryAttribute":null,"Payload":{"MobileCompatible":true,"ID":"Survey Statistics"}},{"SurveyID":"SV_9ZVeYQQZvUjGmJ8","Element":"SQ","PrimaryAttribute":"QID77","SecondaryAttribute":" ","TertiaryAttribute":null,"Payload":{"QuestionText":"\n\n<style>\n  .Skin .SkinInner, .main-container-wrapper {\n      margin-top: -20px; \/* Adjust the negative margin as needed *\/\n  }\n<\/style>","DefaultChoices":false,"DataExportTag":"Beta Sliders","QuestionType":"DB","Selector":"TB","DataVisibility":{"Private":false,"Hidden":false},"Configuration":{"QuestionDescriptionOption":"UseText"},"QuestionDescription":" ","ChoiceOrder":[],"Validation":{"Settings":{"Type":"None"}},"GradingData":[],"Language":[],"NextChoiceId":4,"NextAnswerId":1,"QuestionID":"QID77","QuestionJS":"Qualtrics.SurveyEngine.addOnload(function() {\n    var min = parseFloat(\"${e:\/\/Field\/min}\");\n    var max = parseFloat(\"${e:\/\/Field\/max}\");\n    var av = (min + max) \/ 2;\n    var minC = min + 0.01;\n    var maxC = max - 0.01;\n    var minCC = min + 0.0000000001;\n    var maxCC = max - 0.0000000001;\n\n    \/\/ Adjust the min and max for the first slider\n    var adjustedMin = min + 0.02 * (max - min);\n    var adjustedMax = max - 0.02 * (max - min);\n\n    \/\/ Adjust the min and max for the plot with a 1% buffer of the range\n    var buffer = 0.01 * (max - min);\n    var plotMin = min - buffer;\n    var plotMax = max + buffer;\n\n    var questionContainer = this.getQuestionContainer();\n\n    \/\/ Include the jStat library\n    var jStatScript = document.createElement('script');\n    jStatScript.src = 'https:\/\/cdnjs.cloudflare.com\/ajax\/libs\/jstat\/1.9.4\/jstat.min.js';\n    jStatScript.onload = function() {\n        loadPlotlyScript();\n    };\n    questionContainer.appendChild(jStatScript);\n\n    function loadPlotlyScript() {\n        var plotlyScript = document.createElement('script');\n        plotlyScript.src = 'https:\/\/cdn.plot.ly\/plotly-latest.min.js';\n        plotlyScript.onload = function() {\n            initializeComponents();\n        };\n        questionContainer.appendChild(plotlyScript);\n    }\n\n    \/\/ Custom CSS to increase margins\n    var customStyles = document.createElement('style');\n    customStyles.innerHTML = `\n        .Skin .SkinInner {\n            margin: 0 auto;\n            max-width: 1200px;\n            width: 85%;\n            padding: 20px;\n        }\n        \n        .main-container-wrapper {\n            display: flex;\n            justify-content: center;\n        }\n\n        .main-container {\n            display: flex;\n            justify-content: space-between;\n            margin-bottom: 30px;\n            margin-left: 120px;\n            width: 80%;\n        }\n\n        .plot-container {\n            flex: 2;\n            margin-right: 20px;\n            border: 0.5px solid #ddd;\n            box-shadow: 0 2px 5px rgba(0,0,0,0.1);\n            background-color: white;\n            display: flex;\n            justify-content: center;\n            align-items: center;\n            width: 550px;\n            max-width: 550px;\n            height: 400px;\n            margin-bottom: 20px;\n        }\n\n        .table-container {\n            flex: 1;\n            width: 350px;\n            max-width: 400px;\n            height: 400px;\n            max-height: 400px;\n            overflow-y: auto;\n            display: flex;\n            flex-direction: column;\n            align-items: center;\n        }\n\n        .controls-container {\n            display: flex;\n            flex-direction: column;\n            align-items: center;\n            margin-top: 20px;\n        }\n\n        .slider-container {\n            display: flex;\n            flex-direction: column;\n            align-items: center;\n            margin-bottom: 20px;\n        }\n\n        .slider-container label {\n            margin-bottom: 5px;\n            font-size: 16px;\n            font-weight: normal;\n            color: #333;\n        }\n\n        .slider-container input[type=\"range\"] {\n            width: 500px;\n        }\n\n        .slider-container span {\n            margin-left: 5px;\n        }\n\n        .slider-labels-bottom {\n            display: flex;\n            justify-content: space-between;\n            width: 500px;\n            margin-top: 5px;\n        }\n\n        .slider-labels-bottom span {\n            font-size: 12px;\n        }\n\n        table {\n            border-collapse: collapse;\n            width: 350px;\n            margin-left: 0px;\n            font-size: 12px;\n            box-shadow: 0 2px 5px rgba(0,0,0,0.1);\n            border: 1px solid #ddd;\n        }\n\n        th, td {\n            border: 1px solid #ddd;\n            padding: 9.5px;\n            text-align: center;\n        }\n\n        th {\n            background-color: #f2f2f2;\n            color: #333;\n            font-weight: bold;\n        }\n\n        tr:nth-child(even) {\n            background-color: #f9f9f9;\n        }\n\n        tr:hover {\n            background-color: #f1f1f1;\n        }\n\n        #varianceValue {\n            display: none;\n        }\n        \n        #toggleDropdown {\n            padding: 10px 20px;\n            font-size: 14px;\n            font-weight: bold;\n            background-color: #007bff;\n            color: white;\n            border: none;\n            border-radius: 5px;\n            cursor: pointer;\n            margin-top: 18px;\n        }\n\n        #toggleDropdown:hover {\n            background-color: #0056b3;\n        }\n\n        .zoom-buttons {\n            position: fixed;\n            bottom: 20px;\n            right: 20px;\n            display: flex;\n            flex-direction: column;\n        }\n\n        .zoom-buttons button {\n            margin: 5px;\n            padding: 10px 20px;\n            font-size: 14px;\n            font-weight: bold;\n            background-color: #007bff;\n            color: white;\n            border: none;\n            border-radius: 5px;\n            cursor: pointer;\n        }\n\n        .zoom-buttons button:hover {\n            background-color: #0056b3;\n        }\n    `;\n    questionContainer.appendChild(customStyles);\n\n    \/\/ HTML code for the plot, sliders, table, and zoom buttons\n    var html = `\n        <div id=\"mainContainer\" class=\"main-container\">\n            <div id=\"plot\" class=\"plot-container\">\n                <div id=\"plotInner\" style=\"width: 100%; height: 100%;\"><\/div>\n            <\/div>\n            <div id=\"tableContainer\" class=\"table-container\">\n                <table id=\"intervalTable\">\n                    <thead>\n                        <tr>\n                            <th>The rate of inflation will be... <\/th>\n                            <th>Percentage Chance<\/th>\n                        <\/tr>\n                    <\/thead>\n                    <tbody id=\"intervalTableBody\">\n                        <!-- Dynamic rows will be appended here -->\n                    <\/tbody>\n                <\/table>\n            <\/div>\n        <\/div>\n        <div class=\"controls-container\">\n            <div class=\"slider-container\">\n                <label for=\"mean\">What do you expect the rate of inflation to be over the next twelve months?<\/label>\n                <input type=\"range\" min=\"${adjustedMin}\" max=\"${adjustedMax}\" step=\"0.01\" id=\"mean\" value=\"${av}\">\n                <span id=\"meanValue\">${av.toFixed(2)}%<\/span>\n            <\/div>\n            <div class=\"slider-container\">\n                <label for=\"variance\">How uncertain are you about the rate you have just chosen?<\/label>\n                <input type=\"range\" min=\"0.001\" max=\"1\" step=\"0.001\" id=\"variance\" value=\"0.001\">\n                <div class=\"slider-labels-bottom\">\n                    <span>More certain<\/span>\n                    <span>More uncertain<\/span>\n                <\/div>\n                <span id=\"varianceValue\">0.001<\/span>\n            <\/div>\n            <div class=\"slider-container\">\n                <label for=\"toggleDropdown\">\n                <select id=\"toggleDropdown\">\n                    <option value=\"show\">Show Table<\/option>\n                    <option value=\"hide\">Hide Table<\/option>\n                <\/select>\n            <\/div>\n        <\/div>\n        <div class=\"zoom-buttons\" id=\"zoomButtons\" style=\"display: none;\">\n            <button id=\"zoomIn\">Zoom In<\/button>\n            <button id=\"zoomOut\">Zoom Out<\/button>\n        <\/div>\n    `;\n    questionContainer.innerHTML += html;\n\n    function initializeComponents() {\n        \/\/ JavaScript code for the plot update and event listeners\n        var meanSlider = document.getElementById('mean');\n        var varianceSlider = document.getElementById('variance');\n        var meanValue = document.getElementById('meanValue');\n        var varianceValue = document.getElementById('varianceValue');\n        var plotDiv = document.getElementById('plotInner');\n        var intervalTableBody = document.getElementById('intervalTableBody');\n        var intervalTable = document.getElementById('intervalTable');\n        var mainContainer = document.getElementById('mainContainer');\n        var tableContainer = document.getElementById('tableContainer');\n        var toggleDropdown = document.getElementById('toggleDropdown');\n        var zoomInButton = document.getElementById('zoomIn');\n        var zoomOutButton = document.getElementById('zoomOut');\n        var zoomButtons = document.getElementById('zoomButtons');\n        var zoomLevel = 1;\n\n        \/\/ Detect browser and adjust accordingly\n        var isChrome = \/Chrome\/.test(navigator.userAgent) && \/Google Inc\/.test(navigator.vendor);\n        var isEdge = \/Edg\/.test(navigator.userAgent);\n        var isFirefox = \/Firefox\/.test(navigator.userAgent);\n        var isSafari = \/Safari\/.test(navigator.userAgent) && \/Apple Computer\/.test(navigator.vendor);\n        var browserType = \"Other\";\n\n        if (isChrome) {\n            browserType = \"Chrome\";\n        } else if (isEdge) {\n            browserType = \"Edge\";\n        } else if (isFirefox) {\n            browserType = \"Firefox\";\n        } else if (isSafari) {\n            browserType = \"Safari\";\n        }\n        \n        Qualtrics.SurveyEngine.setEmbeddedData(\"Browser_Type\", browserType);\n\n        if (isChrome || isEdge) {\n            zoomButtons.style.display = 'flex';\n        }\n\n        meanSlider.setAttribute('min', adjustedMin);\n        meanSlider.setAttribute('max', adjustedMax);\n        meanSlider.setAttribute('value', av);\n\n        function calculateMaxVariance(mean) {\n            var maxVariance;\n            if (mean > min && mean < max) {\n                if (mean > min && max > -min + 2 * mean) {\n                    maxVariance = ((max * Math.pow(min, 2) - 2 * max * min * mean - Math.pow(min, 2) * mean + max * Math.pow(mean, 2) + 2 * min * Math.pow(mean, 2) - Math.pow(mean, 3)) \/ (max - 2 * min + mean));\n                } else if ((mean > min && max == -min + 2 * mean) || (mean > min && mean < max && max < -min + 2 * mean)) {\n                    maxVariance = ((-Math.pow(max, 2) * min + Math.pow(max, 2) * mean + 2 * max * min * mean - 2 * max * Math.pow(mean, 2) - min * Math.pow(mean, 2) + Math.pow(mean, 3)) \/ (2 * max - min - mean));\n                }\n            } else {\n                maxVariance = 0;\n            }\n            return maxVariance * 0.98;\n        }\n\n        function updatePlot() {\n            var mean = parseFloat(meanSlider.value);\n            var varianceSliderValue = parseFloat(varianceSlider.value);\n            var maxVariance = calculateMaxVariance(mean);\n            var variance = Math.pow(varianceSliderValue, 2) * maxVariance;\n\n            if (isNaN(variance) || variance < 0) variance = 0;\n\n            var alpha = ((min - mean) * (min * max - min * mean - max * mean + Math.pow(mean, 2) + variance)) \/ (variance * (max - min));\n            var beta = -((max - mean) * (min * max - min * mean - max * mean + Math.pow(mean, 2) + variance)) \/ (variance * (max - min));\n\n            \/\/ Calculate Median\n            var median_beta = jStat.beta.inv(0.5, alpha, beta);\n            var median = min + median_beta * (max - min);\n            median = parseFloat(median.toFixed(2));\n            Qualtrics.SurveyEngine.setEmbeddedData(\"Direct_median\", median);\n            Qualtrics.SurveyEngine.setEmbeddedData(\"Direct_mean\", mean);\n            Qualtrics.SurveyEngine.setEmbeddedData(\"Direct_variance\", variance);\n\n            var x = [];\n            var y = [];\n            var dx = 0.01;\n\n            for (var i = plotMin; i <= plotMax; i += dx) {\n                x.push(i);\n                y.push(jStat.beta.pdf((i - min) \/ (max - min), alpha, beta) \/ (max - min));\n            }\n\n            var direct_deflation = 0;\n            if (min < 0) {\n                direct_deflation = Math.abs(integratePDF(min, 0, alpha, beta, x, y));\n            }\n            direct_deflation = parseFloat(direct_deflation.toFixed(2));\n            Qualtrics.SurveyEngine.setEmbeddedData(\"Direct_deflation\", direct_deflation);\n\n            var direct_5 = 0;\n            if (max > 5) {\n                direct_5 = Math.abs(integratePDF(5, max, alpha, beta, x, y));\n            }\n            direct_5 = parseFloat(direct_5.toFixed(2));\n            Qualtrics.SurveyEngine.setEmbeddedData(\"Direct_5\", direct_5);\n\n            var trace = {\n                x: x,\n                y: y,\n                type: 'line'\n            };\n\n            var layout = {\n                yaxis: { showgrid: false, showticklabels: false },\n                xaxis: {\n                    title: {\n                        text: 'Inflation (in percent)',\n                        font: { size: 12 }\n                    },\n                    tickfont: { size: 14 },\n                    showticklabels: true,\n                    showgrid: true,\n                    fixedrange: true\n                },\n                showlegend: false,\n                hovermode: false,\n                margin: { t: 10, l: 20, r: 20, b: 65 }\n            };\n            var config = {\n                displayModeBar: false,\n                staticPlot: true\n            };\n\n            Plotly.newPlot(plotDiv, [trace], layout, config);\n            meanValue.innerHTML = mean.toFixed(2) + \" %\";\n            varianceValue.innerHTML = variance.toFixed(4);\n\n            updateTable(alpha, beta, x, y);\n        }\n\n        function updateTable(alpha, beta, x, y) {\n            intervalTableBody.innerHTML = '';\n\n            var intervals = [\n                [max - 2 * (max - min) \/ 16, maxCC],\n                [max - 4 * (max - min) \/ 16, max - 2 * (max - min) \/ 16],\n                [max - 6 * (max - min) \/ 16, max - 4 * (max - min) \/ 16],\n                [max - 7 * (max - min) \/ 16, max - 6 * (max - min) \/ 16],\n                [max - 8 * (max - min) \/ 16, max - 7 * (max - min) \/ 16],\n                [max - 9 * (max - min) \/ 16, max - 8 * (max - min) \/ 16],\n                [max - 10 * (max - min) \/ 16, max - 9 * (max - min) \/ 16],\n                [max - 12 * (max - min) \/ 16, max - 10 * (max - min) \/ 16],\n                [max - 14 * (max - min) \/ 16, max - 12 * (max - min) \/ 16],\n                [minCC, max - 14 * (max - min) \/ 16]\n            ];\n\n            var totalPercentage = 0;\n            var percentages = [];\n            var rows = [];\n            var maxPercentage = 0;\n            var maxIndex = -1;\n\n            intervals.forEach(function(interval, index) {\n                var lower = interval[0];\n                var upper = interval[1];\n                var percentage = integratePDF(lower, upper, alpha, beta, x, y);\n                percentages.push(percentage);\n\n                if (percentage > maxPercentage) {\n                    maxPercentage = percentage;\n                    maxIndex = index;\n                }\n\n                var row = \"<tr>\" +\n                    \"<td>...between \" + lower.toFixed(2) + \"% and \" + upper.toFixed(2) + \"%<\/td>\" +\n                    \"<td>\" + percentage.toFixed(2) + \"<\/td>\" +\n                    \"<\/tr>\";\n                rows.push(row);\n                totalPercentage += percentage;\n            });\n\n            if (totalPercentage.toFixed(2) !== \"100.00\") {\n                var difference = 100 - totalPercentage;\n                percentages[maxIndex] += difference;\n                rows[maxIndex] = \"<tr>\" +\n                    \"<td>...between \" + intervals[maxIndex][0].toFixed(2) + \"% and \" + intervals[maxIndex][1].toFixed(2) + \"%<\/td>\" +\n                    \"<td>\" + percentages[maxIndex].toFixed(2) + \"<\/td>\" +\n                    \"<\/tr>\";\n            }\n\n            rows.forEach(function(row) {\n                intervalTableBody.innerHTML += row;\n            });\n        }\n\n        function integratePDF(lower, upper, alpha, beta, x, y) {\n            var total = 0;\n            var dx = 0.01;\n            for (var i = 0; i < x.length; i++) {\n                if (x[i] >= lower && x[i] <= upper) {\n                    total += y[i] * dx;\n                }\n            }\n            return total * 100;\n        }\n\n        function handleTableOptionChange() {\n            if (toggleDropdown.value === 'show') {\n                tableContainer.style.display = 'flex';\n                mainContainer.style.justifyContent = 'space-between';\n            } else {\n                tableContainer.style.display = 'none';\n                mainContainer.style.justifyContent = 'center';\n            }\n        }\n\n        function zoomIn() {\n            zoomLevel += 0.1;\n            document.body.style.zoom = zoomLevel;\n            adjustMargins();\n        }\n\n        function zoomOut() {\n            zoomLevel -= 0.1;\n            document.body.style.zoom = zoomLevel;\n            adjustMargins();\n        }\n\n        function adjustMargins() {\n            var marginValue = ((1 - zoomLevel) * 50) + '%';\n            document.body.style.marginLeft = marginValue;\n            document.body.style.marginRight = marginValue;\n        }\n\n        zoomInButton.addEventListener('click', zoomIn);\n        zoomOutButton.addEventListener('click', zoomOut);\n\n        meanSlider.addEventListener('input', updatePlot);\n        varianceSlider.addEventListener('input', updatePlot);\n        toggleDropdown.addEventListener('change', handleTableOptionChange);\n\n        updatePlot();\n    }\n});"}},{"SurveyID":"SV_9ZVeYQQZvUjGmJ8","Element":"QC","PrimaryAttribute":"Survey Question Count","SecondaryAttribute":"82","TertiaryAttribute":null,"Payload":null},{"SurveyID":"SV_9ZVeYQQZvUjGmJ8","Element":"SQ","PrimaryAttribute":"QID11","SecondaryAttribute":"In your opinion, what is the highest possible inflation rate over the next 12 months that could r...","TertiaryAttribute":null,"Payload":{"QuestionText":"In your opinion, what is the <strong>highest <\/strong>possible inflation rate over the next 12 months that could realistically occur, with no chance of it being any higher?\n<div style=\"all: initial;\" class=\"notranslate\">&nbsp;<\/div>","DefaultChoices":false,"DataExportTag":"Q11","QuestionType":"TE","Selector":"SL","DataVisibility":{"Private":false,"Hidden":false},"Configuration":{"QuestionDescriptionOption":"UseText","InputWidth":60,"InputHeight":29},"QuestionDescription":"In your opinion, what is the highest possible inflation rate over the next 12 months that could r...","Validation":{"Settings":{"ForceResponse":"ON","ForceResponseType":"ON","Type":"ContentType","MinChars":"1","ContentType":"ValidNumber","ValidDateType":"DateWithFormat","ValidPhoneType":"ValidUSPhone","ValidZipType":"ValidUSZip","ValidNumber":{"Min":"${q:\/\/QID10\/ChoiceTextEntryValue}","Max":"200","NumDecimals":"2"}}},"GradingData":[],"Language":[],"NextChoiceId":4,"NextAnswerId":1,"SearchSource":{"AllowFreeResponse":"false"},"QuestionID":"QID11","QuestionJS":"Qualtrics.SurveyEngine.addOnload(function() {\n    \/\/ Add a percentage sign after the input field\n    jQuery(\"#\" + this.questionId + \" .InputText\").after(\" %\");\n});\n\nQualtrics.SurveyEngine.addOnPageSubmit(function() {\n    \/\/ Get the value of the embedded variable \"treatment\"\n    var treatment = Qualtrics.SurveyEngine.getEmbeddedData(\"treatment\");\n\n        \/\/ Get the response value from the text input field\n        var response = jQuery(\"#\" + this.questionId + \" input[type='text']\").val();\n\n        \/\/ Save the response as an embedded variable\n        Qualtrics.SurveyEngine.setEmbeddedData(\"max\", response);\n\n});"}},{"SurveyID":"SV_9ZVeYQQZvUjGmJ8","Element":"SQ","PrimaryAttribute":"QID10","SecondaryAttribute":"In your opinion, what is the lowest possible inflation rate over the next twelve months that could r","TertiaryAttribute":null,"Payload":{"QuestionText":"In your opinion, what is the <strong>lowest <\/strong>possible inflation rate over the next 12 months that could realistically occur, with no chance of it being any lower? This rate can be a negative number if your lowest expected rate implies deflation.<br>\n&nbsp;\n<div style=\"all: initial;\" class=\"notranslate\">&nbsp;<\/div>","DefaultChoices":false,"DataExportTag":"Q10","QuestionType":"TE","Selector":"SL","DataVisibility":{"Private":false,"Hidden":false},"Configuration":{"QuestionDescriptionOption":"SpecifyLabel","InputWidth":60,"InputHeight":29},"QuestionDescription":"In your opinion, what is the lowest possible inflation rate over the next twelve months that could r","Validation":{"Settings":{"ForceResponse":"ON","ForceResponseType":"ON","Type":"ContentType","MinChars":"1","ContentType":"ValidNumber","ValidDateType":"DateWithFormat","ValidPhoneType":"ValidUSPhone","ValidZipType":"ValidUSZip","ValidNumber":{"Min":"-100","Max":"100","NumDecimals":"2"}}},"GradingData":[],"Language":[],"NextChoiceId":4,"NextAnswerId":1,"SearchSource":{"AllowFreeResponse":"false"},"QuestionID":"QID10","QuestionJS":"Qualtrics.SurveyEngine.addOnload(function() {\n    \/\/ Add a percentage sign after the input field\n    jQuery(\"#\" + this.questionId + \" .InputText\").after(\" %\");\n});\n\nQualtrics.SurveyEngine.addOnPageSubmit(function() {\n    \/\/ Get the value of the embedded variable \"treatment\"\n    var treatment = Qualtrics.SurveyEngine.getEmbeddedData(\"treatment\");\n\n \n        \/\/ Get the response value from the text input field\n        var response = jQuery(\"#\" + this.questionId + \" input[type='text']\").val();\n\n        \/\/ Save the response as an embedded variable\n        Qualtrics.SurveyEngine.setEmbeddedData(\"min\", response);\n\n});"}},{"SurveyID":"SV_9ZVeYQQZvUjGmJ8","Element":"SQ","PrimaryAttribute":"QID66","SecondaryAttribute":"Instructions for indicating your inflation expectations \u00a0 In the next part, we have developed a s..","TertiaryAttribute":null,"Payload":{"QuestionText":"<h2>Instructions for indicating your inflation expectations<\/h2>\n&nbsp;\n\n<p>In the next part, we have developed a simple graphical tool that allows you to express your beliefs about future inflation as a probability distribution. Don&rsquo;t worry if you are not familiar with distributions&mdash;this guide will explain everything you need to know.<br \/>\n&nbsp;<\/p>\n\n<h3>What is a distribution?<\/h3>\n<br \/>\nA distribution is a way to express the likelihoods of different outcomes. For example, you predicted earlier that inflation over the next 12 moths will be ${q:\/\/QID38\/ChoiceTextEntryValue}%. With what probability will that happen? What about ${q:\/\/QID38\/ChoiceTextEntryValue}% + 2%? And ${q:\/\/QID38\/ChoiceTextEntryValue}% &ndash; 2%? Because it is likely that you think that there are values other than ${q:\/\/QID38\/ChoiceTextEntryValue}% that could potentially happen, our tool will allow you to easily assign a probability to all events you believe are feasible by adjusting two sliders. Below we will explain how.<br \/>\n<br \/>\n&nbsp;\n<h3>Understanding the distribution graph<\/h3>\n&nbsp;<br \/>\nThe main part of the tool is a graphical representation of a probability distribution. You can see one example in the graph below.<br \/>\n<br \/>\n<img height=\"422\" src=\"https:\/\/maastrichtuniversity.eu.qualtrics.com\/CP\/Graphic.php?IM=IM_6nz0l40c5aKwU2G\" style=\"height: 422px; width: 600px;\" width=\"600\" \/>\n<p>&nbsp;<\/p>\n\n<p>Possible inflation values are represented on the horizontal axis. The blue curve illustrates the likelihood of each inflation rate. The higher the blue curve, the more likely it is that the corresponding inflation rate will occur. For instance, in the graph above, an inflation of 5% is less likely than 10% as the blue curve is higher at 10%. In fact, 10% is the most likely inflation rate, as no other point on the blue curve is higher than at 10%. For inflation values below -5% or above 15%, the curve is at zero, indicating that these inflation rates are impossible.<\/p>\n\n<p>&nbsp;<\/p>\n\n<h3><br \/>\nHow to use our tool to express your beliefs<\/h3>\n<br \/>\nTo express the distribution that best expresses your own beliefs about inflation, you can use our tool that provides two sliders to modify the distribution graph.<br \/>\n<br \/>\nHere is how that works:<br \/>\n&nbsp;\n<ol>\n\t<li>\n\t<p><strong>Initial graph<\/strong>: When you start, you will see a bell-shaped curve on the graph. This is the starting probability distribution.<\/p>\n\t<\/li>\n\t<li>\n\t<p><strong>Adjust the first slider<\/strong>: the first slider indicates your average expected inflation rate. Move the slider left or right to set your expected rate. The peak of the curve will move accordingly.&nbsp;<strong> Example: <\/strong>If you believe inflation will be around 3% on average, you would move this slider to 3%.<br \/>\n\t&nbsp;<\/p>\n\n\t<p><img src=\"https:\/\/maastrichtuniversity.eu.qualtrics.com\/CP\/Graphic.php?IM=IM_elK3ZERzP3SvM5E\" \/><br \/>\n\t<br \/>\n\t&nbsp;<\/p>\n\t<\/li>\n\t<li>\n\t<p><strong>Adjust the second slider: <\/strong>The second slider adjusts how how certain you are about the value you picked using the first slider. A wider curve indicates more uncertainty, while a narrower curve indicates more confidence. <strong>Example: <\/strong>If you are very certain that inflation will be 3% and think that it is very unlikely that inflation will be below 2% or above 4%, then the curve should be tight around 3%. You can do this by moving the slider to the left. On the other hand, if you think inflation might be around 3%, but you are fairly uncertain about it, you should move the slider to the right. As you do this, the curve widens, increasing the probability of values further away from 3%.<br \/>\n\t&nbsp;<\/p>\n\n\t<p><img src=\"https:\/\/maastrichtuniversity.eu.qualtrics.com\/CP\/Graphic.php?IM=IM_09rZn2mFFux7U6W\" \/><br \/>\n\t&nbsp;<\/p>\n\t<\/li>\n\t<li>\n\t<p><strong>Additional table<\/strong>: For your convenience, we have also incorporated a table that tells you how likely certain inflation intervals are, given the values you have picked using the sliders. For instance, in the distribution shown below, the likelihood of inflation being between 0% and 2.5% is 36.16%. The likelihood of deflation (inflation below 0%) is 1.87%. The table will be shown by default, to help you with your choices. However, you can hide it by clicking &quot;Show Table&quot;.<br \/>\n\t<br \/>\n\t<br \/>\n\t<img height=\"766\" src=\"https:\/\/maastrichtuniversity.eu.qualtrics.com\/CP\/Graphic.php?IM=IM_1TSoketxUMyQMf4\" style=\"height: 766px; width: 1000px;\" width=\"1000\" \/><\/p>\n\t<\/li>\n<\/ol>","DefaultChoices":false,"QuestionType":"DB","Selector":"TB","DataVisibility":{"Private":false,"Hidden":false},"Configuration":{"QuestionDescriptionOption":"UseText"},"QuestionDescription":"Instructions for indicating your inflation expectations \u00a0 In the next part, we have developed a s...","ChoiceOrder":[],"Validation":{"Settings":{"Type":"None"}},"GradingData":[],"Language":[],"NextChoiceId":4,"NextAnswerId":1,"QuestionText_Unsafe":"<h2>Instructions for indicating your inflation expectations<\/h2>\n&nbsp;\n\n<p>In the next part, we have developed a simple graphical tool that allows you to express your beliefs about future inflation as a probability distribution. Don\u2019t worry if you are not familiar with distributions\u2014this guide will explain everything you need to know.<br>\n&nbsp;<\/p>\n\n<h3>What is a distribution?<\/h3>\n<br>\nA distribution is a way to show all possible outcomes and how likely they are to happen. We will use a graph to represent your expectations about future inflation. The graph will update in real-time as you adjust two sliders: one for the average (mean) expected inflation rate and one for how spread out your expectations are.<br>\n&nbsp;\n<h3>Understanding the distribution graph<\/h3>\n&nbsp;\n\n<p>The graph shows a bell-shaped curve, which represents your probability distribution. Here\u2019s how to interpret it:<\/p>\n\n<ul>\n\t<li><strong>Higher parts of the curve<\/strong>: These indicate outcomes you believe are more likely. The higher the curve at a certain point, the higher the probability you assign to that inflation rate.<\/li>\n\t<li><strong>Lower or zero-height parts of the curve<\/strong>: These indicate outcomes you believe are less likely or impossible. If the curve is at zero height at a certain point, it means you believe there is zero probability of that inflation rate occurring.<\/li>\n<\/ul>\n\n<p>For example, in the graph below, 5% inflation has a lower point on the curve than 10% inflation, so you believe 10% inflation is more likely than 5%. For inflation values below -5% or above 15%, the curve is at zero. This means you believe these inflation rates are impossible.<\/p>\n<br type=\"_moz\">\n<img height=\"250\" src=\"https:\/\/maastrichtuniversity.eu.qualtrics.com\/CP\/Graphic.php?IM=IM_5Av6Hl1sjQW59LE\" style=\"width: 520px; height: 250px;\" width=\"520\">\n<h3><br>\nHow to use the tool<\/h3>\n<br>\nOur tool gives you two sliders that you can manipulate, to find the distribution that best describes your beliefs. Here is how that works:\n<ol>\n\t<li>\n\t<p><strong>Observe the graph<\/strong>: When you start, you will see a bell-shaped curve on the graph. This is your starting probability distribution.<\/p>\n\t<\/li>\n\t<li>\n\t<p><strong>Adjust the first slider<\/strong>: You can use this slider to indicate your average expected inflation rate. Move the slider left or right to set your expected rate. The peak of the curve will move accordingly.&nbsp;<strong> Example: <\/strong>If you believe inflation will be around 3% on average, you would move this slider to 3%.<\/p>\n\n\t<p><img height=\"350\" src=\"https:\/\/maastrichtuniversity.eu.qualtrics.com\/CP\/Graphic.php?IM=IM_8jp2yU2HmcJUkaq\" style=\"width: 901px; height: 350px;\" width=\"901\"><br>\n\t<br>\n\t<br>\n\t&nbsp;<\/p>\n\t<\/li>\n\t<li>\n\t<p><strong>Adjust the second slider: <\/strong>This slider adjusts how much you think inflation might vary. A wider curve indicates more uncertainty, while a narrower curve indicates more confidence. <strong>Example: <\/strong>If you think inflation will be close to the mean (e.g., between 2% and 4%), you set a small value. If you think it could be anywhere from 0% to 6%, you set a larger value.<\/p>\n\n\t<p><img height=\"350\" src=\"https:\/\/maastrichtuniversity.eu.qualtrics.com\/CP\/Graphic.php?IM=IM_eagGsMypxTszB1c\" style=\"width: 899px; height: 350px;\" width=\"899\"><br>\n\t<br>\n\t&nbsp;<\/p>\n\t<\/li>\n\t<li>\n\t<p><strong>Additional table<\/strong>: For your convenience, we have also incorporated a table that tells you how likely certain inflation intervals are, given your inputs. By default, this table will be shown, and you can use it to confirm your choices. For instance, in the distribution shown below, the likelihood of inflation being between 0% and 2.5% is 4.16%. The likelihood of deflation (inflation below 0%) is 0.87% + 0.04% = 0.91%. If the table is distracting, you can deactivate it by clicking \"Hide Table\".<br>\n\t<br>\n\t<br>\n\t<img height=\"350\" src=\"https:\/\/maastrichtuniversity.eu.qualtrics.com\/CP\/Graphic.php?IM=IM_dmVjtwWCbRJNNC6\" style=\"width: 456px; height: 350px;\" width=\"456\"><\/p>\n\t<\/li>\n<\/ol>","DataExportTag":"Q66","QuestionID":"QID66"}},{"SurveyID":"SV_9ZVeYQQZvUjGmJ8","Element":"SQ","PrimaryAttribute":"QID68","SecondaryAttribute":"Timing","TertiaryAttribute":null,"Payload":{"QuestionText":"Timing","DefaultChoices":false,"QuestionType":"Timing","Selector":"PageTimer","DataVisibility":{"Private":false,"Hidden":false},"Configuration":{"QuestionDescriptionOption":"UseText","MinSeconds":"0","MaxSeconds":"0"},"QuestionDescription":"Timing","Choices":{"1":{"Display":"First Click"},"2":{"Display":"Last Click"},"3":{"Display":"Page Submit"},"4":{"Display":"Click Count"}},"GradingData":[],"Language":[],"NextChoiceId":32,"NextAnswerId":1,"QuestionText_Unsafe":"Timing","DataExportTag":"Q68","QuestionID":"QID68"}},{"SurveyID":"SV_9ZVeYQQZvUjGmJ8","Element":"SQ","PrimaryAttribute":"QID79","SecondaryAttribute":"Timing","TertiaryAttribute":null,"Payload":{"QuestionText":"Timing","DefaultChoices":false,"DataExportTag":"Q56","QuestionType":"Timing","Selector":"PageTimer","DataVisibility":{"Private":false,"Hidden":false},"Configuration":{"QuestionDescriptionOption":"UseText","MinSeconds":"0","MaxSeconds":"0"},"QuestionDescription":"Timing","Choices":{"1":{"Display":"First Click"},"2":{"Display":"Last Click"},"3":{"Display":"Page Submit"},"4":{"Display":"Click Count"}},"GradingData":[],"Language":[],"NextChoiceId":16,"NextAnswerId":1,"QuestionID":"QID79"}}]}